// !$*UTF8*$!
{
	archiveVersion = 1;
	classes = {
	};
	objectVersion = 46;
	objects = {

/* Begin PBXBuildFile section */
		FF7E23C31C8CE96400A93105 /* AppDelegate.swift in Sources */ = {isa = PBXBuildFile; fileRef = FF7E23C21C8CE96400A93105 /* AppDelegate.swift */; };
		FF7E23C51C8CE96400A93105 /* PsychologistViewController.swift in Sources */ = {isa = PBXBuildFile; fileRef = FF7E23C41C8CE96400A93105 /* PsychologistViewController.swift */; };
		FF7E23C81C8CE96400A93105 /* Main.storyboard in Resources */ = {isa = PBXBuildFile; fileRef = FF7E23C61C8CE96400A93105 /* Main.storyboard */; };
		FF7E23CA1C8CE96400A93105 /* Assets.xcassets in Resources */ = {isa = PBXBuildFile; fileRef = FF7E23C91C8CE96400A93105 /* Assets.xcassets */; };
		FF7E23CD1C8CE96400A93105 /* LaunchScreen.storyboard in Resources */ = {isa = PBXBuildFile; fileRef = FF7E23CB1C8CE96400A93105 /* LaunchScreen.storyboard */; };
		FF7E23D81C8CE96400A93105 /* PsychologistTests.swift in Sources */ = {isa = PBXBuildFile; fileRef = FF7E23D71C8CE96400A93105 /* PsychologistTests.swift */; };
		FF7E23E31C8CE96400A93105 /* PsychologistUITests.swift in Sources */ = {isa = PBXBuildFile; fileRef = FF7E23E21C8CE96400A93105 /* PsychologistUITests.swift */; };
		FF7E23F31C8CEDF100A93105 /* HappinessViewController.swift in Sources */ = {isa = PBXBuildFile; fileRef = FF7E23F11C8CEDF100A93105 /* HappinessViewController.swift */; };
		FF7E23F41C8CEDF100A93105 /* FaceView.swift in Sources */ = {isa = PBXBuildFile; fileRef = FF7E23F21C8CEDF100A93105 /* FaceView.swift */; };
/* End PBXBuildFile section */

/* Begin PBXContainerItemProxy section */
		FF7E23D41C8CE96400A93105 /* PBXContainerItemProxy */ = {
			isa = PBXContainerItemProxy;
			containerPortal = FF7E23B71C8CE96300A93105 /* Project object */;
			proxyType = 1;
			remoteGlobalIDString = FF7E23BE1C8CE96400A93105;
			remoteInfo = Psychologist;
		};
		FF7E23DF1C8CE96400A93105 /* PBXContainerItemProxy */ = {
			isa = PBXContainerItemProxy;
			containerPortal = FF7E23B71C8CE96300A93105 /* Project object */;
			proxyType = 1;
			remoteGlobalIDString = FF7E23BE1C8CE96400A93105;
			remoteInfo = Psychologist;
		};
/* End PBXContainerItemProxy section */

/* Begin PBXFileReference section */
		FF7E23BF1C8CE96400A93105 /* Psychologist.app */ = {isa = PBXFileReference; explicitFileType = wrapper.application; includeInIndex = 0; path = Psychologist.app; sourceTree = BUILT_PRODUCTS_DIR; };
		FF7E23C21C8CE96400A93105 /* AppDelegate.swift */ = {isa = PBXFileReference; lastKnownFileType = sourcecode.swift; path = AppDelegate.swift; sourceTree = "<group>"; };
		FF7E23C41C8CE96400A93105 /* PsychologistViewController.swift */ = {isa = PBXFileReference; lastKnownFileType = sourcecode.swift; path = PsychologistViewController.swift; sourceTree = "<group>"; };
		FF7E23C71C8CE96400A93105 /* Base */ = {isa = PBXFileReference; lastKnownFileType = file.storyboard; name = Base; path = Base.lproj/Main.storyboard; sourceTree = "<group>"; };
		FF7E23C91C8CE96400A93105 /* Assets.xcassets */ = {isa = PBXFileReference; lastKnownFileType = folder.assetcatalog; path = Assets.xcassets; sourceTree = "<group>"; };
		FF7E23CC1C8CE96400A93105 /* Base */ = {isa = PBXFileReference; lastKnownFileType = file.storyboard; name = Base; path = Base.lproj/LaunchScreen.storyboard; sourceTree = "<group>"; };
		FF7E23CE1C8CE96400A93105 /* Info.plist */ = {isa = PBXFileReference; lastKnownFileType = text.plist.xml; path = Info.plist; sourceTree = "<group>"; };
		FF7E23D31C8CE96400A93105 /* PsychologistTests.xctest */ = {isa = PBXFileReference; explicitFileType = wrapper.cfbundle; includeInIndex = 0; path = PsychologistTests.xctest; sourceTree = BUILT_PRODUCTS_DIR; };
		FF7E23D71C8CE96400A93105 /* PsychologistTests.swift */ = {isa = PBXFileReference; lastKnownFileType = sourcecode.swift; path = PsychologistTests.swift; sourceTree = "<group>"; };
		FF7E23D91C8CE96400A93105 /* Info.plist */ = {isa = PBXFileReference; lastKnownFileType = text.plist.xml; path = Info.plist; sourceTree = "<group>"; };
		FF7E23DE1C8CE96400A93105 /* PsychologistUITests.xctest */ = {isa = PBXFileReference; explicitFileType = wrapper.cfbundle; includeInIndex = 0; path = PsychologistUITests.xctest; sourceTree = BUILT_PRODUCTS_DIR; };
		FF7E23E21C8CE96400A93105 /* PsychologistUITests.swift */ = {isa = PBXFileReference; lastKnownFileType = sourcecode.swift; path = PsychologistUITests.swift; sourceTree = "<group>"; };
		FF7E23E41C8CE96400A93105 /* Info.plist */ = {isa = PBXFileReference; lastKnownFileType = text.plist.xml; path = Info.plist; sourceTree = "<group>"; };
		FF7E23F11C8CEDF100A93105 /* HappinessViewController.swift */ = {isa = PBXFileReference; fileEncoding = 4; lastKnownFileType = sourcecode.swift; path = HappinessViewController.swift; sourceTree = "<group>"; };
		FF7E23F21C8CEDF100A93105 /* FaceView.swift */ = {isa = PBXFileReference; fileEncoding = 4; lastKnownFileType = sourcecode.swift; path = FaceView.swift; sourceTree = "<group>"; };
/* End PBXFileReference section */

/* Begin PBXFrameworksBuildPhase section */
		FF7E23BC1C8CE96400A93105 /* Frameworks */ = {
			isa = PBXFrameworksBuildPhase;
			buildActionMask = 2147483647;
			files = (
			);
			runOnlyForDeploymentPostprocessing = 0;
		};
		FF7E23D01C8CE96400A93105 /* Frameworks */ = {
			isa = PBXFrameworksBuildPhase;
			buildActionMask = 2147483647;
			files = (
			);
			runOnlyForDeploymentPostprocessing = 0;
		};
		FF7E23DB1C8CE96400A93105 /* Frameworks */ = {
			isa = PBXFrameworksBuildPhase;
			buildActionMask = 2147483647;
			files = (
			);
			runOnlyForDeploymentPostprocessing = 0;
		};
/* End PBXFrameworksBuildPhase section */

/* Begin PBXGroup section */
		FF7E23B61C8CE96300A93105 = {
			isa = PBXGroup;
			children = (
				FF7E23C11C8CE96400A93105 /* Psychologist */,
				FF7E23D61C8CE96400A93105 /* PsychologistTests */,
				FF7E23E11C8CE96400A93105 /* PsychologistUITests */,
				FF7E23C01C8CE96400A93105 /* Products */,
			);
			sourceTree = "<group>";
		};
		FF7E23C01C8CE96400A93105 /* Products */ = {
			isa = PBXGroup;
			children = (
				FF7E23BF1C8CE96400A93105 /* Psychologist.app */,
				FF7E23D31C8CE96400A93105 /* PsychologistTests.xctest */,
				FF7E23DE1C8CE96400A93105 /* PsychologistUITests.xctest */,
			);
			name = Products;
			sourceTree = "<group>";
		};
		FF7E23C11C8CE96400A93105 /* Psychologist */ = {
			isa = PBXGroup;
			children = (
				FF7E23C41C8CE96400A93105 /* PsychologistViewController.swift */,
				FF7E23F11C8CEDF100A93105 /* HappinessViewController.swift */,
				FF7E23F21C8CEDF100A93105 /* FaceView.swift */,
				FF7E23C61C8CE96400A93105 /* Main.storyboard */,
				FF7E23F01C8CEB0E00A93105 /* Supporting Files */,
			);
			path = Psychologist;
			sourceTree = "<group>";
		};
		FF7E23D61C8CE96400A93105 /* PsychologistTests */ = {
			isa = PBXGroup;
			children = (
				FF7E23D71C8CE96400A93105 /* PsychologistTests.swift */,
				FF7E23D91C8CE96400A93105 /* Info.plist */,
			);
			path = PsychologistTests;
			sourceTree = "<group>";
		};
		FF7E23E11C8CE96400A93105 /* PsychologistUITests */ = {
			isa = PBXGroup;
			children = (
				FF7E23E21C8CE96400A93105 /* PsychologistUITests.swift */,
				FF7E23E41C8CE96400A93105 /* Info.plist */,
			);
			path = PsychologistUITests;
			sourceTree = "<group>";
		};
		FF7E23F01C8CEB0E00A93105 /* Supporting Files */ = {
			isa = PBXGroup;
			children = (
				FF7E23CB1C8CE96400A93105 /* LaunchScreen.storyboard */,
				FF7E23C21C8CE96400A93105 /* AppDelegate.swift */,
				FF7E23C91C8CE96400A93105 /* Assets.xcassets */,
				FF7E23CE1C8CE96400A93105 /* Info.plist */,
			);
			name = "Supporting Files";
			sourceTree = "<group>";
		};
/* End PBXGroup section */

/* Begin PBXNativeTarget section */
		FF7E23BE1C8CE96400A93105 /* Psychologist */ = {
			isa = PBXNativeTarget;
			buildConfigurationList = FF7E23E71C8CE96400A93105 /* Build configuration list for PBXNativeTarget "Psychologist" */;
			buildPhases = (
				FF7E23BB1C8CE96400A93105 /* Sources */,
				FF7E23BC1C8CE96400A93105 /* Frameworks */,
				FF7E23BD1C8CE96400A93105 /* Resources */,
			);
			buildRules = (
			);
			dependencies = (
			);
			name = Psychologist;
			productName = Psychologist;
			productReference = FF7E23BF1C8CE96400A93105 /* Psychologist.app */;
			productType = "com.apple.product-type.application";
		};
		FF7E23D21C8CE96400A93105 /* PsychologistTests */ = {
			isa = PBXNativeTarget;
			buildConfigurationList = FF7E23EA1C8CE96400A93105 /* Build configuration list for PBXNativeTarget "PsychologistTests" */;
			buildPhases = (
				FF7E23CF1C8CE96400A93105 /* Sources */,
				FF7E23D01C8CE96400A93105 /* Frameworks */,
				FF7E23D11C8CE96400A93105 /* Resources */,
			);
			buildRules = (
			);
			dependencies = (
				FF7E23D51C8CE96400A93105 /* PBXTargetDependency */,
			);
			name = PsychologistTests;
			productName = PsychologistTests;
			productReference = FF7E23D31C8CE96400A93105 /* PsychologistTests.xctest */;
			productType = "com.apple.product-type.bundle.unit-test";
		};
		FF7E23DD1C8CE96400A93105 /* PsychologistUITests */ = {
			isa = PBXNativeTarget;
			buildConfigurationList = FF7E23ED1C8CE96400A93105 /* Build configuration list for PBXNativeTarget "PsychologistUITests" */;
			buildPhases = (
				FF7E23DA1C8CE96400A93105 /* Sources */,
				FF7E23DB1C8CE96400A93105 /* Frameworks */,
				FF7E23DC1C8CE96400A93105 /* Resources */,
			);
			buildRules = (
			);
			dependencies = (
				FF7E23E01C8CE96400A93105 /* PBXTargetDependency */,
			);
			name = PsychologistUITests;
			productName = PsychologistUITests;
			productReference = FF7E23DE1C8CE96400A93105 /* PsychologistUITests.xctest */;
			productType = "com.apple.product-type.bundle.ui-testing";
		};
/* End PBXNativeTarget section */

/* Begin PBXProject section */
		FF7E23B71C8CE96300A93105 /* Project object */ = {
			isa = PBXProject;
			attributes = {
				LastSwiftUpdateCheck = 0720;
				LastUpgradeCheck = 0720;
				ORGANIZATIONNAME = "Ryan Warner";
				TargetAttributes = {
					FF7E23BE1C8CE96400A93105 = {
						CreatedOnToolsVersion = 7.2.1;
					};
					FF7E23D21C8CE96400A93105 = {
						CreatedOnToolsVersion = 7.2.1;
						TestTargetID = FF7E23BE1C8CE96400A93105;
					};
					FF7E23DD1C8CE96400A93105 = {
						CreatedOnToolsVersion = 7.2.1;
						TestTargetID = FF7E23BE1C8CE96400A93105;
					};
				};
			};
			buildConfigurationList = FF7E23BA1C8CE96300A93105 /* Build configuration list for PBXProject "Psychologist" */;
			compatibilityVersion = "Xcode 3.2";
			developmentRegion = English;
			hasScannedForEncodings = 0;
			knownRegions = (
				en,
				Base,
			);
			mainGroup = FF7E23B61C8CE96300A93105;
			productRefGroup = FF7E23C01C8CE96400A93105 /* Products */;
			projectDirPath = "";
			projectRoot = "";
			targets = (
				FF7E23BE1C8CE96400A93105 /* Psychologist */,
				FF7E23D21C8CE96400A93105 /* PsychologistTests */,
				FF7E23DD1C8CE96400A93105 /* PsychologistUITests */,
			);
		};
/* End PBXProject section */

/* Begin PBXResourcesBuildPhase section */
		FF7E23BD1C8CE96400A93105 /* Resources */ = {
			isa = PBXResourcesBuildPhase;
			buildActionMask = 2147483647;
			files = (
				FF7E23CD1C8CE96400A93105 /* LaunchScreen.storyboard in Resources */,
				FF7E23CA1C8CE96400A93105 /* Assets.xcassets in Resources */,
				FF7E23C81C8CE96400A93105 /* Main.storyboard in Resources */,
			);
			runOnlyForDeploymentPostprocessing = 0;
		};
		FF7E23D11C8CE96400A93105 /* Resources */ = {
			isa = PBXResourcesBuildPhase;
			buildActionMask = 2147483647;
			files = (
			);
			runOnlyForDeploymentPostprocessing = 0;
		};
		FF7E23DC1C8CE96400A93105 /* Resources */ = {
			isa = PBXResourcesBuildPhase;
			buildActionMask = 2147483647;
			files = (
			);
			runOnlyForDeploymentPostprocessing = 0;
		};
/* End PBXResourcesBuildPhase section */

/* Begin PBXSourcesBuildPhase section */
		FF7E23BB1C8CE96400A93105 /* Sources */ = {
			isa = PBXSourcesBuildPhase;
			buildActionMask = 2147483647;
			files = (
				FF7E23C51C8CE96400A93105 /* PsychologistViewController.swift in Sources */,
				FF7E23F31C8CEDF100A93105 /* HappinessViewController.swift in Sources */,
				FF7E23C31C8CE96400A93105 /* AppDelegate.swift in Sources */,
				FF7E23F41C8CEDF100A93105 /* FaceView.swift in Sources */,
			);
			runOnlyForDeploymentPostprocessing = 0;
		};
		FF7E23CF1C8CE96400A93105 /* Sources */ = {
			isa = PBXSourcesBuildPhase;
			buildActionMask = 2147483647;
			files = (
				FF7E23D81C8CE96400A93105 /* PsychologistTests.swift in Sources */,
			);
			runOnlyForDeploymentPostprocessing = 0;
		};
		FF7E23DA1C8CE96400A93105 /* Sources */ = {
			isa = PBXSourcesBuildPhase;
			buildActionMask = 2147483647;
			files = (
				FF7E23E31C8CE96400A93105 /* PsychologistUITests.swift in Sources */,
			);
			runOnlyForDeploymentPostprocessing = 0;
		};
/* End PBXSourcesBuildPhase section */

/* Begin PBXTargetDependency section */
		FF7E23D51C8CE96400A93105 /* PBXTargetDependency */ = {
			isa = PBXTargetDependency;
			target = FF7E23BE1C8CE96400A93105 /* Psychologist */;
			targetProxy = FF7E23D41C8CE96400A93105 /* PBXContainerItemProxy */;
		};
		FF7E23E01C8CE96400A93105 /* PBXTargetDependency */ = {
			isa = PBXTargetDependency;
			target = FF7E23BE1C8CE96400A93105 /* Psychologist */;
			targetProxy = FF7E23DF1C8CE96400A93105 /* PBXContainerItemProxy */;
		};
/* End PBXTargetDependency section */

/* Begin PBXVariantGroup section */
		FF7E23C61C8CE96400A93105 /* Main.storyboard */ = {
			isa = PBXVariantGroup;
			children = (
				FF7E23C71C8CE96400A93105 /* Base */,
			);
			name = Main.storyboard;
			sourceTree = "<group>";
		};
		FF7E23CB1C8CE96400A93105 /* LaunchScreen.storyboard */ = {
			isa = PBXVariantGroup;
			children = (
				FF7E23CC1C8CE96400A93105 /* Base */,
			);
			name = LaunchScreen.storyboard;
			sourceTree = "<group>";
		};
/* End PBXVariantGroup section */

/* Begin XCBuildConfiguration section */
		FF7E23E51C8CE96400A93105 /* Debug */ = {
			isa = XCBuildConfiguration;
			buildSettings = {
				ALWAYS_SEARCH_USER_PATHS = NO;
				CLANG_CXX_LANGUAGE_STANDARD = "gnu++0x";
				CLANG_CXX_LIBRARY = "libc++";
				CLANG_ENABLE_MODULES = YES;
				CLANG_ENABLE_OBJC_ARC = YES;
				CLANG_WARN_BOOL_CONVERSION = YES;
				CLANG_WARN_CONSTANT_CONVERSION = YES;
				CLANG_WARN_DIRECT_OBJC_ISA_USAGE = YES_ERROR;
				CLANG_WARN_EMPTY_BODY = YES;
				CLANG_WARN_ENUM_CONVERSION = YES;
				CLANG_WARN_INT_CONVERSION = YES;
				CLANG_WARN_OBJC_ROOT_CLASS = YES_ERROR;
				CLANG_WARN_UNREACHABLE_CODE = YES;
				CLANG_WARN__DUPLICATE_METHOD_MATCH = YES;
				"CODE_SIGN_IDENTITY[sdk=iphoneos*]" = "iPhone Developer";
				COPY_PHASE_STRIP = NO;
				DEBUG_INFORMATION_FORMAT = dwarf;
				ENABLE_STRICT_OBJC_MSGSEND = YES;
				ENABLE_TESTABILITY = YES;
				GCC_C_LANGUAGE_STANDARD = gnu99;
				GCC_DYNAMIC_NO_PIC = NO;
				GCC_NO_COMMON_BLOCKS = YES;
				GCC_OPTIMIZATION_LEVEL = 0;
				GCC_PREPROCESSOR_DEFINITIONS = (
					"DEBUG=1",
					"$(inherited)",
				);
				GCC_WARN_64_TO_32_BIT_CONVERSION = YES;
				GCC_WARN_ABOUT_RETURN_TYPE = YES_ERROR;
				GCC_WARN_UNDECLARED_SELECTOR = YES;
				GCC_WARN_UNINITIALIZED_AUTOS = YES_AGGRESSIVE;
				GCC_WARN_UNUSED_FUNCTION = YES;
				GCC_WARN_UNUSED_VARIABLE = YES;
				IPHONEOS_DEPLOYMENT_TARGET = 9.2;
				MTL_ENABLE_DEBUG_INFO = YES;
				ONLY_ACTIVE_ARCH = YES;
				SDKROOT = iphoneos;
				SWIFT_OPTIMIZATION_LEVEL = "-Onone";
				TARGETED_DEVICE_FAMILY = "1,2";
			};
			name = Debug;
		};
		FF7E23E61C8CE96400A93105 /* Release */ = {
			isa = XCBuildConfiguration;
			buildSettings = {
				ALWAYS_SEARCH_USER_PATHS = NO;
				CLANG_CXX_LANGUAGE_STANDARD = "gnu++0x";
				CLANG_CXX_LIBRARY = "libc++";
				CLANG_ENABLE_MODULES = YES;
				CLANG_ENABLE_OBJC_ARC = YES;
				CLANG_WARN_BOOL_CONVERSION = YES;
				CLANG_WARN_CONSTANT_CONVERSION = YES;
				CLANG_WARN_DIRECT_OBJC_ISA_USAGE = YES_ERROR;
				CLANG_WARN_EMPTY_BODY = YES;
				CLANG_WARN_ENUM_CONVERSION = YES;
				CLANG_WARN_INT_CONVERSION = YES;
				CLANG_WARN_OBJC_ROOT_CLASS = YES_ERROR;
				CLANG_WARN_UNREACHABLE_CODE = YES;
				CLANG_WARN__DUPLICATE_METHOD_MATCH = YES;
				"CODE_SIGN_IDENTITY[sdk=iphoneos*]" = "iPhone Developer";
				COPY_PHASE_STRIP = NO;
				DEBUG_INFORMATION_FORMAT = "dwarf-with-dsym";
				ENABLE_NS_ASSERTIONS = NO;
				ENABLE_STRICT_OBJC_MSGSEND = YES;
				GCC_C_LANGUAGE_STANDARD = gnu99;
				GCC_NO_COMMON_BLOCKS = YES;
				GCC_WARN_64_TO_32_BIT_CONVERSION = YES;
				GCC_WARN_ABOUT_RETURN_TYPE = YES_ERROR;
				GCC_WARN_UNDECLARED_SELECTOR = YES;
				GCC_WARN_UNINITIALIZED_AUTOS = YES_AGGRESSIVE;
				GCC_WARN_UNUSED_FUNCTION = YES;
				GCC_WARN_UNUSED_VARIABLE = YES;
				IPHONEOS_DEPLOYMENT_TARGET = 9.2;
				MTL_ENABLE_DEBUG_INFO = NO;
				SDKROOT = iphoneos;
				TARGETED_DEVICE_FAMILY = "1,2";
				VALIDATE_PRODUCT = YES;
			};
			name = Release;
		};
		FF7E23E81C8CE96400A93105 /* Debug */ = {
			isa = XCBuildConfiguration;
			buildSettings = {
				ASSETCATALOG_COMPILER_APPICON_NAME = AppIcon;
				INFOPLIST_FILE = Psychologist/Info.plist;
				LD_RUNPATH_SEARCH_PATHS = "$(inherited) @executable_path/Frameworks";
				PRODUCT_BUNDLE_IDENTIFIER = ryan.warner.Psychologist;
				PRODUCT_NAME = "$(TARGET_NAME)";
			};
			name = Debug;
		};
		FF7E23E91C8CE96400A93105 /* Release */ = {
			isa = XCBuildConfiguration;
			buildSettings = {
				ASSETCATALOG_COMPILER_APPICON_NAME = AppIcon;
				INFOPLIST_FILE = Psychologist/Info.plist;
				LD_RUNPATH_SEARCH_PATHS = "$(inherited) @executable_path/Frameworks";
				PRODUCT_BUNDLE_IDENTIFIER = ryan.warner.Psychologist;
				PRODUCT_NAME = "$(TARGET_NAME)";
			};
			name = Release;
		};
		FF7E23EB1C8CE96400A93105 /* Debug */ = {
			isa = XCBuildConfiguration;
			buildSettings = {
				BUNDLE_LOADER = "$(TEST_HOST)";
				INFOPLIST_FILE = PsychologistTests/Info.plist;
				LD_RUNPATH_SEARCH_PATHS = "$(inherited) @executable_path/Frameworks @loader_path/Frameworks";
				PRODUCT_BUNDLE_IDENTIFIER = ryan.warner.PsychologistTests;
				PRODUCT_NAME = "$(TARGET_NAME)";
				TEST_HOST = "$(BUILT_PRODUCTS_DIR)/Psychologist.app/Psychologist";
			};
			name = Debug;
		};
		FF7E23EC1C8CE96400A93105 /* Release */ = {
			isa = XCBuildConfiguration;
			buildSettings = {
				BUNDLE_LOADER = "$(TEST_HOST)";
				INFOPLIST_FILE = PsychologistTests/Info.plist;
				LD_RUNPATH_SEARCH_PATHS = "$(inherited) @executable_path/Frameworks @loader_path/Frameworks";
				PRODUCT_BUNDLE_IDENTIFIER = ryan.warner.PsychologistTests;
				PRODUCT_NAME = "$(TARGET_NAME)";
				TEST_HOST = "$(BUILT_PRODUCTS_DIR)/Psychologist.app/Psychologist";
			};
			name = Release;
		};
		FF7E23EE1C8CE96400A93105 /* Debug */ = {
			isa = XCBuildConfiguration;
			buildSettings = {
				INFOPLIST_FILE = PsychologistUITests/Info.plist;
				LD_RUNPATH_SEARCH_PATHS = "$(inherited) @executable_path/Frameworks @loader_path/Frameworks";
				PRODUCT_BUNDLE_IDENTIFIER = ryan.warner.PsychologistUITests;
				PRODUCT_NAME = "$(TARGET_NAME)";
				TEST_TARGET_NAME = Psychologist;
				USES_XCTRUNNER = YES;
			};
			name = Debug;
		};
		FF7E23EF1C8CE96400A93105 /* Release */ = {
			isa = XCBuildConfiguration;
			buildSettings = {
				INFOPLIST_FILE = PsychologistUITests/Info.plist;
				LD_RUNPATH_SEARCH_PATHS = "$(inherited) @executable_path/Frameworks @loader_path/Frameworks";
				PRODUCT_BUNDLE_IDENTIFIER = ryan.warner.PsychologistUITests;
				PRODUCT_NAME = "$(TARGET_NAME)";
				TEST_TARGET_NAME = Psychologist;
				USES_XCTRUNNER = YES;
			};
			name = Release;
		};
/* End XCBuildConfiguration section */

/* Begin XCConfigurationList section */
		FF7E23BA1C8CE96300A93105 /* Build configuration list for PBXProject "Psychologist" */ = {
			isa = XCConfigurationList;
			buildConfigurations = (
				FF7E23E51C8CE96400A93105 /* Debug */,
				FF7E23E61C8CE96400A93105 /* Release */,
			);
			defaultConfigurationIsVisible = 0;
			defaultConfigurationName = Release;
		};
		FF7E23E71C8CE96400A93105 /* Build configuration list for PBXNativeTarget "Psychologist" */ = {
			isa = XCConfigurationList;
			buildConfigurations = (
				FF7E23E81C8CE96400A93105 /* Debug */,
				FF7E23E91C8CE96400A93105 /* Release */,
			);
			defaultConfigurationIsVisible = 0;
		};
		FF7E23EA1C8CE96400A93105 /* Build configuration list for PBXNativeTarget "PsychologistTests" */ = {
			isa = XCConfigurationList;
			buildConfigurations = (
				FF7E23EB1C8CE96400A93105 /* Debug */,
				FF7E23EC1C8CE96400A93105 /* Release */,
			);
			defaultConfigurationIsVisible = 0;
		};
		FF7E23ED1C8CE96400A93105 /* Build configuration list for PBXNativeTarget "PsychologistUITests" */ = {
			isa = XCConfigurationList;
			buildConfigurations = (
				FF7E23EE1C8CE96400A93105 /* Debug */,
				FF7E23EF1C8CE96400A93105 /* Release */,
			);
			defaultConfigurationIsVisible = 0;
		};
/* End XCConfigurationList section */
	};
	rootObject = FF7E23B71C8CE96300A93105 /* Project object */;
}
